<?xml version="1.0" encoding="utf-8"?>
<Project ToolsVersion="4.0" xmlns="http://schemas.microsoft.com/developer/msbuild/2003">
  <ItemGroup>
    <Filter Include="Исходные файлы">
      <UniqueIdentifier>{4FC737F1-C7A5-4376-A066-2A32D752A2FF}</UniqueIdentifier>
      <Extensions>cpp;c;cc;cxx;def;odl;idl;hpj;bat;asm;asmx</Extensions>
    </Filter>
    <Filter Include="Файлы заголовков">
      <UniqueIdentifier>{93995380-89BD-4b04-88EB-625FBE52EBFB}</UniqueIdentifier>
      <Extensions>h;hh;hpp;hxx;hm;inl;inc;ipp;xsd</Extensions>
    </Filter>
    <Filter Include="Файлы ресурсов">
      <UniqueIdentifier>{67DA6AB6-F800-4c08-8B7A-83BB121AAD01}</UniqueIdentifier>
      <Extensions>rc;ico;cur;bmp;dlg;rc2;rct;bin;rgs;gif;jpg;jpeg;jpe;resx;tiff;tif;png;wav;mfcribbon-ms</Extensions>
    </Filter>
    <Filter Include="Файлы заголовков\Shape">
      <UniqueIdentifier>{e8bb5aac-e86a-47c4-9888-79610ab7e72f}</UniqueIdentifier>
    </Filter>
    <Filter Include="Файлы заголовков\Style">
      <UniqueIdentifier>{bf9da17a-50a5-43b3-a378-ecd2fc32b018}</UniqueIdentifier>
    </Filter>
    <Filter Include="Файлы заголовков\Canvas">
      <UniqueIdentifier>{d458ba6c-238a-42aa-aecb-0d21c28866c4}</UniqueIdentifier>
    </Filter>
    <Filter Include="Файлы заголовков\Style\LineStyle">
      <UniqueIdentifier>{2632720b-f3ed-4b39-b206-27fee3e7c999}</UniqueIdentifier>
    </Filter>
    <Filter Include="Файлы заголовков\Style\Style">
      <UniqueIdentifier>{97c7caf9-a43e-4fff-94fc-5eaa50c45e55}</UniqueIdentifier>
    </Filter>
  </ItemGroup>
  <ItemGroup>
    <ClInclude Include="pch.h">
      <Filter>Файлы заголовков</Filter>
    </ClInclude>
    <ClInclude Include="IDrawable.h">
      <Filter>Файлы заголовков</Filter>
    </ClInclude>
    <ClInclude Include="CommonTypes.h">
      <Filter>Файлы заголовков</Filter>
    </ClInclude>
    <ClInclude Include="IShape.h">
      <Filter>Файлы заголовков\Shape</Filter>
    </ClInclude>
    <ClInclude Include="resource.h">
      <Filter>Файлы заголовков</Filter>
    </ClInclude>
    <ClInclude Include="CShape.h">
      <Filter>Файлы заголовков\Shape</Filter>
    </ClInclude>
    <ClInclude Include="CRectangleShape.h">
      <Filter>Файлы заголовков\Shape</Filter>
    </ClInclude>
    <ClInclude Include="CTriangleShape.h">
      <Filter>Файлы заголовков\Shape</Filter>
    </ClInclude>
    <ClInclude Include="CEllipseShape.h">
      <Filter>Файлы заголовков\Shape</Filter>
    </ClInclude>
    <ClInclude Include="CShapeGroup.h">
      <Filter>Файлы заголовков\Shape</Filter>
    </ClInclude>
    <ClInclude Include="ICanvas.h">
      <Filter>Файлы заголовков\Canvas</Filter>
    </ClInclude>
    <ClInclude Include="CLineStyle.h">
      <Filter>Файлы заголовков\Style\LineStyle</Filter>
    </ClInclude>
    <ClInclude Include="CLineStyleGroup.h">
      <Filter>Файлы заголовков\Style\LineStyle</Filter>
    </ClInclude>
    <ClInclude Include="ILineStyle.h">
      <Filter>Файлы заголовков\Style\LineStyle</Filter>
    </ClInclude>
    <ClInclude Include="CStyle.h">
      <Filter>Файлы заголовков\Style\Style</Filter>
    </ClInclude>
    <ClInclude Include="CStyleGroup.h">
      <Filter>Файлы заголовков\Style\Style</Filter>
    </ClInclude>
    <ClInclude Include="IStyle.h">
      <Filter>Файлы заголовков\Style\Style</Filter>
    </ClInclude>
    <ClInclude Include="CompositeUtils.h">
      <Filter>Файлы заголовков</Filter>
    </ClInclude>
    <ClInclude Include="simple_svg_1.0.0.hpp">
      <Filter>Файлы заголовков</Filter>
    </ClInclude>
    <ClInclude Include="CSvgCanvas.h">
      <Filter>Файлы заголовков\Canvas</Filter>
    </ClInclude>
  </ItemGroup>
  <ItemGroup>
    <ClCompile Include="pch.cpp">
      <Filter>Исходные файлы</Filter>
    </ClCompile>
    <ClCompile Include="main.cpp">
      <Filter>Исходные файлы</Filter>
    </ClCompile>
    <ClCompile Include="CStyle.cpp">
      <Filter>Исходные файлы</Filter>
    </ClCompile>
    <ClCompile Include="CLineStyle.cpp">
      <Filter>Исходные файлы</Filter>
    </ClCompile>
    <ClCompile Include="CRectangleShape.cpp">
      <Filter>Исходные файлы</Filter>
    </ClCompile>
    <ClCompile Include="CTriangleShape.cpp">
      <Filter>Исходные файлы</Filter>
    </ClCompile>
    <ClCompile Include="CEllipseShape.cpp">
      <Filter>Исходные файлы</Filter>
    </ClCompile>
    <ClCompile Include="CShapeGroup.cpp">
      <Filter>Исходные файлы</Filter>
    </ClCompile>
    <ClCompile Include="CStyleGroup.cpp">
      <Filter>Исходные файлы</Filter>
    </ClCompile>
    <ClCompile Include="CLineStyleGroup.cpp">
      <Filter>Исходные файлы</Filter>
    </ClCompile>
    <ClCompile Include="CShape.cpp">
      <Filter>Исходные файлы</Filter>
    </ClCompile>
  </ItemGroup>
</Project>