<?xml version="1.0" encoding="utf-8"?>
<Project ToolsVersion="4.0" xmlns="http://schemas.microsoft.com/developer/msbuild/2003">
  <ItemGroup>
    <Filter Include="Source Files">
      <UniqueIdentifier>{4FC737F1-C7A5-4376-A066-2A32D752A2FF}</UniqueIdentifier>
      <Extensions>cpp;c;cc;cxx;def;odl;idl;hpj;bat;asm;asmx</Extensions>
    </Filter>
    <Filter Include="Header Files">
      <UniqueIdentifier>{93995380-89BD-4b04-88EB-625FBE52EBFB}</UniqueIdentifier>
      <Extensions>h;hh;hpp;hxx;hm;inl;inc;ipp;xsd</Extensions>
    </Filter>
    <Filter Include="Resource Files">
      <UniqueIdentifier>{67DA6AB6-F800-4c08-8B7A-83BB121AAD01}</UniqueIdentifier>
      <Extensions>rc;ico;cur;bmp;dlg;rc2;rct;bin;rgs;gif;jpg;jpeg;jpe;resx;tiff;tif;png;wav;mfcribbon-ms</Extensions>
    </Filter>
    <Filter Include="Header Files\StateGumballMachine">
      <UniqueIdentifier>{2ab2142c-f8da-45a1-a3f4-b52c19fa55a7}</UniqueIdentifier>
    </Filter>
    <Filter Include="Header Files\StateGumballMachine\State">
      <UniqueIdentifier>{0c5493d0-7686-42d9-b9cc-86345ed400b6}</UniqueIdentifier>
    </Filter>
    <Filter Include="Header Files\GumballMachineMenu">
      <UniqueIdentifier>{b12e3254-1632-4ee3-abdd-b3c84ca7b806}</UniqueIdentifier>
    </Filter>
  </ItemGroup>
  <ItemGroup>
    <ClCompile Include="main.cpp">
      <Filter>Source Files</Filter>
    </ClCompile>
    <ClCompile Include="pch.cpp">
      <Filter>Header Files</Filter>
    </ClCompile>
    <ClCompile Include="CCommandMenu.cpp">
      <Filter>Source Files</Filter>
    </ClCompile>
    <ClCompile Include="CGumballMachineMenu.cpp">
      <Filter>Source Files</Filter>
    </ClCompile>
  </ItemGroup>
  <ItemGroup>
    <ClInclude Include="pch.h">
      <Filter>Header Files</Filter>
    </ClInclude>
    <ClInclude Include="IGumballMachine.h">
      <Filter>Header Files\StateGumballMachine</Filter>
    </ClInclude>
    <ClInclude Include="IMultiGumballMachine.h">
      <Filter>Header Files\StateGumballMachine</Filter>
    </ClInclude>
    <ClInclude Include="IState.h">
      <Filter>Header Files\StateGumballMachine\State</Filter>
    </ClInclude>
    <ClInclude Include="IRefilIState.h">
      <Filter>Header Files\StateGumballMachine\State</Filter>
    </ClInclude>
    <ClInclude Include="CHasQuarterState.h">
      <Filter>Header Files\StateGumballMachine\State</Filter>
    </ClInclude>
    <ClInclude Include="CMaxQuarterCountState.h">
      <Filter>Header Files\StateGumballMachine\State</Filter>
    </ClInclude>
    <ClInclude Include="CNoQuarterState.h">
      <Filter>Header Files\StateGumballMachine\State</Filter>
    </ClInclude>
    <ClInclude Include="CSoldOutState.h">
      <Filter>Header Files\StateGumballMachine\State</Filter>
    </ClInclude>
    <ClInclude Include="CSoldState.h">
      <Filter>Header Files\StateGumballMachine\State</Filter>
    </ClInclude>
    <ClInclude Include="IRefillGumballMachine.h">
      <Filter>Header Files\StateGumballMachine</Filter>
    </ClInclude>
    <ClInclude Include="CRefillGumballMachine.h">
      <Filter>Header Files\StateGumballMachine</Filter>
    </ClInclude>
    <ClInclude Include="CCommandMenu.h">
      <Filter>Header Files\GumballMachineMenu</Filter>
    </ClInclude>
    <ClInclude Include="CGumballMachineMenu.h">
      <Filter>Header Files\GumballMachineMenu</Filter>
    </ClInclude>
  </ItemGroup>
</Project>